// !$*UTF8*$!
{
	archiveVersion = 1;
	classes = {
	};
	objectVersion = 55;
	objects = {

/* Begin PBXBuildFile section */
		B5D811322884AB8A00BA276D /* ItemDrawing.swift in Sources */ = {isa = PBXBuildFile; fileRef = B5D811312884AB8A00BA276D /* ItemDrawing.swift */; };
		B5DA93E0287F9AB200E2A1E7 /* IWishApp.swift in Sources */ = {isa = PBXBuildFile; fileRef = B5DA93DF287F9AB200E2A1E7 /* IWishApp.swift */; };
		B5DA93E4287F9AB300E2A1E7 /* Assets.xcassets in Resources */ = {isa = PBXBuildFile; fileRef = B5DA93E3287F9AB300E2A1E7 /* Assets.xcassets */; };
		B5DA93E7287F9AB300E2A1E7 /* Preview Assets.xcassets in Resources */ = {isa = PBXBuildFile; fileRef = B5DA93E6287F9AB300E2A1E7 /* Preview Assets.xcassets */; };
		B5DA93F3287F9BB200E2A1E7 /* WishList.swift in Sources */ = {isa = PBXBuildFile; fileRef = B5DA93F2287F9BB200E2A1E7 /* WishList.swift */; };
		B5DA93F5287F9BBC00E2A1E7 /* Item.swift in Sources */ = {isa = PBXBuildFile; fileRef = B5DA93F4287F9BBC00E2A1E7 /* Item.swift */; };
		B5DA93F7287F9BD700E2A1E7 /* WishListView.swift in Sources */ = {isa = PBXBuildFile; fileRef = B5DA93F6287F9BD700E2A1E7 /* WishListView.swift */; };
		B5DA93F9287F9BEA00E2A1E7 /* WishListModel.swift in Sources */ = {isa = PBXBuildFile; fileRef = B5DA93F8287F9BEA00E2A1E7 /* WishListModel.swift */; };
		B5DA93FB287F9BFC00E2A1E7 /* ItemViewModel.swift in Sources */ = {isa = PBXBuildFile; fileRef = B5DA93FA287F9BFC00E2A1E7 /* ItemViewModel.swift */; };
		B5DA93FD287F9C0C00E2A1E7 /* ItemView.swift in Sources */ = {isa = PBXBuildFile; fileRef = B5DA93FC287F9C0C00E2A1E7 /* ItemView.swift */; };
		B5DA93FF287FE33F00E2A1E7 /* CreateWishList.swift in Sources */ = {isa = PBXBuildFile; fileRef = B5DA93FE287FE33F00E2A1E7 /* CreateWishList.swift */; };
/* End PBXBuildFile section */

/* Begin PBXFileReference section */
		B5D811312884AB8A00BA276D /* ItemDrawing.swift */ = {isa = PBXFileReference; lastKnownFileType = sourcecode.swift; path = ItemDrawing.swift; sourceTree = "<group>"; };
		B5DA93DC287F9AB200E2A1E7 /* IWish.app */ = {isa = PBXFileReference; explicitFileType = wrapper.application; includeInIndex = 0; path = IWish.app; sourceTree = BUILT_PRODUCTS_DIR; };
		B5DA93DF287F9AB200E2A1E7 /* IWishApp.swift */ = {isa = PBXFileReference; lastKnownFileType = sourcecode.swift; path = IWishApp.swift; sourceTree = "<group>"; };
		B5DA93E3287F9AB300E2A1E7 /* Assets.xcassets */ = {isa = PBXFileReference; lastKnownFileType = folder.assetcatalog; path = Assets.xcassets; sourceTree = "<group>"; };
		B5DA93E6287F9AB300E2A1E7 /* Preview Assets.xcassets */ = {isa = PBXFileReference; lastKnownFileType = folder.assetcatalog; path = "Preview Assets.xcassets"; sourceTree = "<group>"; };
		B5DA93F2287F9BB200E2A1E7 /* WishList.swift */ = {isa = PBXFileReference; lastKnownFileType = sourcecode.swift; path = WishList.swift; sourceTree = "<group>"; };
		B5DA93F4287F9BBC00E2A1E7 /* Item.swift */ = {isa = PBXFileReference; lastKnownFileType = sourcecode.swift; path = Item.swift; sourceTree = "<group>"; };
		B5DA93F6287F9BD700E2A1E7 /* WishListView.swift */ = {isa = PBXFileReference; lastKnownFileType = sourcecode.swift; path = WishListView.swift; sourceTree = "<group>"; };
		B5DA93F8287F9BEA00E2A1E7 /* WishListModel.swift */ = {isa = PBXFileReference; lastKnownFileType = sourcecode.swift; path = WishListModel.swift; sourceTree = "<group>"; };
		B5DA93FA287F9BFC00E2A1E7 /* ItemViewModel.swift */ = {isa = PBXFileReference; lastKnownFileType = sourcecode.swift; path = ItemViewModel.swift; sourceTree = "<group>"; };
		B5DA93FC287F9C0C00E2A1E7 /* ItemView.swift */ = {isa = PBXFileReference; lastKnownFileType = sourcecode.swift; path = ItemView.swift; sourceTree = "<group>"; };
		B5DA93FE287FE33F00E2A1E7 /* CreateWishList.swift */ = {isa = PBXFileReference; lastKnownFileType = sourcecode.swift; path = CreateWishList.swift; sourceTree = "<group>"; };
/* End PBXFileReference section */

/* Begin PBXFrameworksBuildPhase section */
		B5DA93D9287F9AB200E2A1E7 /* Frameworks */ = {
			isa = PBXFrameworksBuildPhase;
			buildActionMask = 2147483647;
			files = (
			);
			runOnlyForDeploymentPostprocessing = 0;
		};
/* End PBXFrameworksBuildPhase section */

/* Begin PBXGroup section */
		B5DA93D3287F9AB200E2A1E7 = {
			isa = PBXGroup;
			children = (
				B5DA93DE287F9AB200E2A1E7 /* IWish */,
				B5DA93DD287F9AB200E2A1E7 /* Products */,
			);
			sourceTree = "<group>";
		};
		B5DA93DD287F9AB200E2A1E7 /* Products */ = {
			isa = PBXGroup;
			children = (
				B5DA93DC287F9AB200E2A1E7 /* IWish.app */,
			);
			name = Products;
			sourceTree = "<group>";
		};
		B5DA93DE287F9AB200E2A1E7 /* IWish */ = {
			isa = PBXGroup;
			children = (
				B5DA93F1287F9B8400E2A1E7 /* Models */,
				B5DA93EE287F9B4900E2A1E7 /* View */,
				B5DA93DF287F9AB200E2A1E7 /* IWishApp.swift */,
				B5DA93ED287F9B4000E2A1E7 /* Resources */,
				B5DA93E5287F9AB300E2A1E7 /* Preview Content */,
			);
			path = IWish;
			sourceTree = "<group>";
		};
		B5DA93E5287F9AB300E2A1E7 /* Preview Content */ = {
			isa = PBXGroup;
			children = (
				B5DA93E6287F9AB300E2A1E7 /* Preview Assets.xcassets */,
			);
			path = "Preview Content";
			sourceTree = "<group>";
		};
		B5DA93ED287F9B4000E2A1E7 /* Resources */ = {
			isa = PBXGroup;
			children = (
				B5DA93E3287F9AB300E2A1E7 /* Assets.xcassets */,
			);
			path = Resources;
			sourceTree = "<group>";
		};
		B5DA93EE287F9B4900E2A1E7 /* View */ = {
			isa = PBXGroup;
			children = (
				B5DA93F0287F9B7700E2A1E7 /* WishListView */,
				B5DA93EF287F9B6B00E2A1E7 /* ItemView */,
				B5DA93FE287FE33F00E2A1E7 /* CreateWishList.swift */,
				B5D811312884AB8A00BA276D /* ItemDrawing.swift */,
			);
			path = View;
			sourceTree = "<group>";
		};
		B5DA93EF287F9B6B00E2A1E7 /* ItemView */ = {
			isa = PBXGroup;
			children = (
				B5DA93FA287F9BFC00E2A1E7 /* ItemViewModel.swift */,
				B5DA93FC287F9C0C00E2A1E7 /* ItemView.swift */,
			);
			path = ItemView;
			sourceTree = "<group>";
		};
		B5DA93F0287F9B7700E2A1E7 /* WishListView */ = {
			isa = PBXGroup;
			children = (
				B5DA93F6287F9BD700E2A1E7 /* WishListView.swift */,
				B5DA93F8287F9BEA00E2A1E7 /* WishListModel.swift */,
			);
			path = WishListView;
			sourceTree = "<group>";
		};
		B5DA93F1287F9B8400E2A1E7 /* Models */ = {
			isa = PBXGroup;
			children = (
				B5DA93F2287F9BB200E2A1E7 /* WishList.swift */,
				B5DA93F4287F9BBC00E2A1E7 /* Item.swift */,
			);
			path = Models;
			sourceTree = "<group>";
		};
/* End PBXGroup section */

/* Begin PBXNativeTarget section */
		B5DA93DB287F9AB200E2A1E7 /* IWish */ = {
			isa = PBXNativeTarget;
			buildConfigurationList = B5DA93EA287F9AB300E2A1E7 /* Build configuration list for PBXNativeTarget "IWish" */;
			buildPhases = (
				B5DA93D8287F9AB200E2A1E7 /* Sources */,
				B5DA93D9287F9AB200E2A1E7 /* Frameworks */,
				B5DA93DA287F9AB200E2A1E7 /* Resources */,
			);
			buildRules = (
			);
			dependencies = (
			);
			name = IWish;
			productName = IWish;
			productReference = B5DA93DC287F9AB200E2A1E7 /* IWish.app */;
			productType = "com.apple.product-type.application";
		};
/* End PBXNativeTarget section */

/* Begin PBXProject section */
		B5DA93D4287F9AB200E2A1E7 /* Project object */ = {
			isa = PBXProject;
			attributes = {
				BuildIndependentTargetsInParallel = 1;
				LastSwiftUpdateCheck = 1340;
				LastUpgradeCheck = 1340;
				TargetAttributes = {
					B5DA93DB287F9AB200E2A1E7 = {
						CreatedOnToolsVersion = 13.4.1;
					};
				};
			};
			buildConfigurationList = B5DA93D7287F9AB200E2A1E7 /* Build configuration list for PBXProject "IWish" */;
			compatibilityVersion = "Xcode 13.0";
			developmentRegion = en;
			hasScannedForEncodings = 0;
			knownRegions = (
				en,
				Base,
			);
			mainGroup = B5DA93D3287F9AB200E2A1E7;
			productRefGroup = B5DA93DD287F9AB200E2A1E7 /* Products */;
			projectDirPath = "";
			projectRoot = "";
			targets = (
				B5DA93DB287F9AB200E2A1E7 /* IWish */,
			);
		};
/* End PBXProject section */

/* Begin PBXResourcesBuildPhase section */
		B5DA93DA287F9AB200E2A1E7 /* Resources */ = {
			isa = PBXResourcesBuildPhase;
			buildActionMask = 2147483647;
			files = (
				B5DA93E7287F9AB300E2A1E7 /* Preview Assets.xcassets in Resources */,
				B5DA93E4287F9AB300E2A1E7 /* Assets.xcassets in Resources */,
			);
			runOnlyForDeploymentPostprocessing = 0;
		};
/* End PBXResourcesBuildPhase section */

/* Begin PBXSourcesBuildPhase section */
		B5DA93D8287F9AB200E2A1E7 /* Sources */ = {
			isa = PBXSourcesBuildPhase;
			buildActionMask = 2147483647;
			files = (
				B5DA93F3287F9BB200E2A1E7 /* WishList.swift in Sources */,
				B5DA93F5287F9BBC00E2A1E7 /* Item.swift in Sources */,
				B5DA93FF287FE33F00E2A1E7 /* CreateWishList.swift in Sources */,
				B5DA93F9287F9BEA00E2A1E7 /* WishListModel.swift in Sources */,
				B5D811322884AB8A00BA276D /* ItemDrawing.swift in Sources */,
				B5DA93E0287F9AB200E2A1E7 /* IWishApp.swift in Sources */,
				B5DA93FD287F9C0C00E2A1E7 /* ItemView.swift in Sources */,
				B5DA93F7287F9BD700E2A1E7 /* WishListView.swift in Sources */,
				B5DA93FB287F9BFC00E2A1E7 /* ItemViewModel.swift in Sources */,
			);
			runOnlyForDeploymentPostprocessing = 0;
		};
/* End PBXSourcesBuildPhase section */

/* Begin XCBuildConfiguration section */
		B5DA93E8287F9AB300E2A1E7 /* Debug */ = {
			isa = XCBuildConfiguration;
			buildSettings = {
				ALWAYS_SEARCH_USER_PATHS = NO;
				CLANG_ANALYZER_NONNULL = YES;
				CLANG_ANALYZER_NUMBER_OBJECT_CONVERSION = YES_AGGRESSIVE;
				CLANG_CXX_LANGUAGE_STANDARD = "gnu++17";
				CLANG_ENABLE_MODULES = YES;
				CLANG_ENABLE_OBJC_ARC = YES;
				CLANG_ENABLE_OBJC_WEAK = YES;
				CLANG_WARN_BLOCK_CAPTURE_AUTORELEASING = YES;
				CLANG_WARN_BOOL_CONVERSION = YES;
				CLANG_WARN_COMMA = YES;
				CLANG_WARN_CONSTANT_CONVERSION = YES;
				CLANG_WARN_DEPRECATED_OBJC_IMPLEMENTATIONS = YES;
				CLANG_WARN_DIRECT_OBJC_ISA_USAGE = YES_ERROR;
				CLANG_WARN_DOCUMENTATION_COMMENTS = YES;
				CLANG_WARN_EMPTY_BODY = YES;
				CLANG_WARN_ENUM_CONVERSION = YES;
				CLANG_WARN_INFINITE_RECURSION = YES;
				CLANG_WARN_INT_CONVERSION = YES;
				CLANG_WARN_NON_LITERAL_NULL_CONVERSION = YES;
				CLANG_WARN_OBJC_IMPLICIT_RETAIN_SELF = YES;
				CLANG_WARN_OBJC_LITERAL_CONVERSION = YES;
				CLANG_WARN_OBJC_ROOT_CLASS = YES_ERROR;
				CLANG_WARN_QUOTED_INCLUDE_IN_FRAMEWORK_HEADER = YES;
				CLANG_WARN_RANGE_LOOP_ANALYSIS = YES;
				CLANG_WARN_STRICT_PROTOTYPES = YES;
				CLANG_WARN_SUSPICIOUS_MOVE = YES;
				CLANG_WARN_UNGUARDED_AVAILABILITY = YES_AGGRESSIVE;
				CLANG_WARN_UNREACHABLE_CODE = YES;
				CLANG_WARN__DUPLICATE_METHOD_MATCH = YES;
				COPY_PHASE_STRIP = NO;
				DEBUG_INFORMATION_FORMAT = dwarf;
				ENABLE_STRICT_OBJC_MSGSEND = YES;
				ENABLE_TESTABILITY = YES;
				GCC_C_LANGUAGE_STANDARD = gnu11;
				GCC_DYNAMIC_NO_PIC = NO;
				GCC_NO_COMMON_BLOCKS = YES;
				GCC_OPTIMIZATION_LEVEL = 0;
				GCC_PREPROCESSOR_DEFINITIONS = (
					"DEBUG=1",
					"$(inherited)",
				);
				GCC_WARN_64_TO_32_BIT_CONVERSION = YES;
				GCC_WARN_ABOUT_RETURN_TYPE = YES_ERROR;
				GCC_WARN_UNDECLARED_SELECTOR = YES;
				GCC_WARN_UNINITIALIZED_AUTOS = YES_AGGRESSIVE;
				GCC_WARN_UNUSED_FUNCTION = YES;
				GCC_WARN_UNUSED_VARIABLE = YES;
				IPHONEOS_DEPLOYMENT_TARGET = 15.5;
				MTL_ENABLE_DEBUG_INFO = INCLUDE_SOURCE;
				MTL_FAST_MATH = YES;
				ONLY_ACTIVE_ARCH = YES;
				SDKROOT = iphoneos;
				SWIFT_ACTIVE_COMPILATION_CONDITIONS = DEBUG;
				SWIFT_OPTIMIZATION_LEVEL = "-Onone";
			};
			name = Debug;
		};
		B5DA93E9287F9AB300E2A1E7 /* Release */ = {
			isa = XCBuildConfiguration;
			buildSettings = {
				ALWAYS_SEARCH_USER_PATHS = NO;
				CLANG_ANALYZER_NONNULL = YES;
				CLANG_ANALYZER_NUMBER_OBJECT_CONVERSION = YES_AGGRESSIVE;
				CLANG_CXX_LANGUAGE_STANDARD = "gnu++17";
				CLANG_ENABLE_MODULES = YES;
				CLANG_ENABLE_OBJC_ARC = YES;
				CLANG_ENABLE_OBJC_WEAK = YES;
				CLANG_WARN_BLOCK_CAPTURE_AUTORELEASING = YES;
				CLANG_WARN_BOOL_CONVERSION = YES;
				CLANG_WARN_COMMA = YES;
				CLANG_WARN_CONSTANT_CONVERSION = YES;
				CLANG_WARN_DEPRECATED_OBJC_IMPLEMENTATIONS = YES;
				CLANG_WARN_DIRECT_OBJC_ISA_USAGE = YES_ERROR;
				CLANG_WARN_DOCUMENTATION_COMMENTS = YES;
				CLANG_WARN_EMPTY_BODY = YES;
				CLANG_WARN_ENUM_CONVERSION = YES;
				CLANG_WARN_INFINITE_RECURSION = YES;
				CLANG_WARN_INT_CONVERSION = YES;
				CLANG_WARN_NON_LITERAL_NULL_CONVERSION = YES;
				CLANG_WARN_OBJC_IMPLICIT_RETAIN_SELF = YES;
				CLANG_WARN_OBJC_LITERAL_CONVERSION = YES;
				CLANG_WARN_OBJC_ROOT_CLASS = YES_ERROR;
				CLANG_WARN_QUOTED_INCLUDE_IN_FRAMEWORK_HEADER = YES;
				CLANG_WARN_RANGE_LOOP_ANALYSIS = YES;
				CLANG_WARN_STRICT_PROTOTYPES = YES;
				CLANG_WARN_SUSPICIOUS_MOVE = YES;
				CLANG_WARN_UNGUARDED_AVAILABILITY = YES_AGGRESSIVE;
				CLANG_WARN_UNREACHABLE_CODE = YES;
				CLANG_WARN__DUPLICATE_METHOD_MATCH = YES;
				COPY_PHASE_STRIP = NO;
				DEBUG_INFORMATION_FORMAT = "dwarf-with-dsym";
				ENABLE_NS_ASSERTIONS = NO;
				ENABLE_STRICT_OBJC_MSGSEND = YES;
				GCC_C_LANGUAGE_STANDARD = gnu11;
				GCC_NO_COMMON_BLOCKS = YES;
				GCC_WARN_64_TO_32_BIT_CONVERSION = YES;
				GCC_WARN_ABOUT_RETURN_TYPE = YES_ERROR;
				GCC_WARN_UNDECLARED_SELECTOR = YES;
				GCC_WARN_UNINITIALIZED_AUTOS = YES_AGGRESSIVE;
				GCC_WARN_UNUSED_FUNCTION = YES;
				GCC_WARN_UNUSED_VARIABLE = YES;
				IPHONEOS_DEPLOYMENT_TARGET = 15.5;
				MTL_ENABLE_DEBUG_INFO = NO;
				MTL_FAST_MATH = YES;
				SDKROOT = iphoneos;
				SWIFT_COMPILATION_MODE = wholemodule;
				SWIFT_OPTIMIZATION_LEVEL = "-O";
				VALIDATE_PRODUCT = YES;
			};
			name = Release;
		};
		B5DA93EB287F9AB300E2A1E7 /* Debug */ = {
			isa = XCBuildConfiguration;
			buildSettings = {
				ASSETCATALOG_COMPILER_APPICON_NAME = AppIcon;
				ASSETCATALOG_COMPILER_GLOBAL_ACCENT_COLOR_NAME = AccentColor;
				CODE_SIGN_STYLE = Automatic;
				CURRENT_PROJECT_VERSION = 1;
				DEVELOPMENT_ASSET_PATHS = "\"IWish/Preview Content\"";
				ENABLE_PREVIEWS = YES;
				GENERATE_INFOPLIST_FILE = YES;
				INFOPLIST_KEY_NSPhotoLibraryUsageDescription = "Allow To Save Drawings";
				INFOPLIST_KEY_UIApplicationSceneManifest_Generation = YES;
				INFOPLIST_KEY_UIApplicationSupportsIndirectInputEvents = YES;
				INFOPLIST_KEY_UILaunchScreen_Generation = YES;
				INFOPLIST_KEY_UISupportedInterfaceOrientations_iPad = "UIInterfaceOrientationPortrait UIInterfaceOrientationPortraitUpsideDown UIInterfaceOrientationLandscapeLeft UIInterfaceOrientationLandscapeRight";
				INFOPLIST_KEY_UISupportedInterfaceOrientations_iPhone = "UIInterfaceOrientationPortrait UIInterfaceOrientationLandscapeLeft UIInterfaceOrientationLandscapeRight";
				LD_RUNPATH_SEARCH_PATHS = (
					"$(inherited)",
					"@executable_path/Frameworks",
				);
				MARKETING_VERSION = 1.0;
				PRODUCT_BUNDLE_IDENTIFIER = com.assel.IWish;
				PRODUCT_NAME = "$(TARGET_NAME)";
				SWIFT_EMIT_LOC_STRINGS = YES;
				SWIFT_VERSION = 5.0;
				TARGETED_DEVICE_FAMILY = "1,2";
			};
			name = Debug;
		};
		B5DA93EC287F9AB300E2A1E7 /* Release */ = {
			isa = XCBuildConfiguration;
			buildSettings = {
				ASSETCATALOG_COMPILER_APPICON_NAME = AppIcon;
				ASSETCATALOG_COMPILER_GLOBAL_ACCENT_COLOR_NAME = AccentColor;
				CODE_SIGN_STYLE = Automatic;
				CURRENT_PROJECT_VERSION = 1;
				DEVELOPMENT_ASSET_PATHS = "\"IWish/Preview Content\"";
				ENABLE_PREVIEWS = YES;
				GENERATE_INFOPLIST_FILE = YES;
				INFOPLIST_KEY_NSPhotoLibraryUsageDescription = "Allow To Save Drawings";
				INFOPLIST_KEY_UIApplicationSceneManifest_Generation = YES;
				INFOPLIST_KEY_UIApplicationSupportsIndirectInputEvents = YES;
				INFOPLIST_KEY_UILaunchScreen_Generation = YES;
				INFOPLIST_KEY_UISupportedInterfaceOrientations_iPad = "UIInterfaceOrientationPortrait UIInterfaceOrientationPortraitUpsideDown UIInterfaceOrientationLandscapeLeft UIInterfaceOrientationLandscapeRight";
				INFOPLIST_KEY_UISupportedInterfaceOrientations_iPhone = "UIInterfaceOrientationPortrait UIInterfaceOrientationLandscapeLeft UIInterfaceOrientationLandscapeRight";
				LD_RUNPATH_SEARCH_PATHS = (
					"$(inherited)",
					"@executable_path/Frameworks",
				);
				MARKETING_VERSION = 1.0;
				PRODUCT_BUNDLE_IDENTIFIER = com.assel.IWish;
				PRODUCT_NAME = "$(TARGET_NAME)";
				SWIFT_EMIT_LOC_STRINGS = YES;
				SWIFT_VERSION = 5.0;
				TARGETED_DEVICE_FAMILY = "1,2";
			};
			name = Release;
		};
/* End XCBuildConfiguration section */

/* Begin XCConfigurationList section */
		B5DA93D7287F9AB200E2A1E7 /* Build configuration list for PBXProject "IWish" */ = {
			isa = XCConfigurationList;
			buildConfigurations = (
				B5DA93E8287F9AB300E2A1E7 /* Debug */,
				B5DA93E9287F9AB300E2A1E7 /* Release */,
			);
			defaultConfigurationIsVisible = 0;
			defaultConfigurationName = Release;
		};
		B5DA93EA287F9AB300E2A1E7 /* Build configuration list for PBXNativeTarget "IWish" */ = {
			isa = XCConfigurationList;
			buildConfigurations = (
				B5DA93EB287F9AB300E2A1E7 /* Debug */,
				B5DA93EC287F9AB300E2A1E7 /* Release */,
			);
			defaultConfigurationIsVisible = 0;
			defaultConfigurationName = Release;
		};
/* End XCConfigurationList section */
	};
	rootObject = B5DA93D4287F9AB200E2A1E7 /* Project object */;
}
